
Microsoft Visual Studio Solution File, Format Version 12.00
# Visual Studio Version 16
VisualStudioVersion = 16.0.31313.79
MinimumVisualStudioVersion = 10.0.40219.1
Project("{2150E333-8FDC-42A3-9474-1A3956D46DE8}") = "UserService", "UserService", "{CFB4456E-0CB3-44A8-BD05-512D3D7708ED}"
EndProject
Project("{2150E333-8FDC-42A3-9474-1A3956D46DE8}") = "Solution Items", "Solution Items", "{B3F6DC6C-59EB-4285-BA92-956F905259F6}"
	ProjectSection(SolutionItems) = preProject
		.editorconfig = .editorconfig
	EndProjectSection
EndProject
Project("{FAE04EC0-301F-11D3-BF4B-00C04F79EFBC}") = "UserService.WebApi", "UserService\UserService.WebApi\UserService.WebApi.csproj", "{AB963E4A-05E5-4123-AFA7-A999904E9870}"
EndProject
Project("{2150E333-8FDC-42A3-9474-1A3956D46DE8}") = "PostService", "PostService", "{AB8097D1-3DD5-4090-B1D2-FE629AE48CBA}"
EndProject
Project("{FAE04EC0-301F-11D3-BF4B-00C04F79EFBC}") = "PostService.WebApi", "PostService\PostService.WebApi\PostService.WebApi.csproj", "{019ECCF1-476F-4330-95C6-615D9B7A7965}"
EndProject
Global
	GlobalSection(SolutionConfigurationPlatforms) = preSolution
		Debug|Any CPU = Debug|Any CPU
		Release|Any CPU = Release|Any CPU
	EndGlobalSection
	GlobalSection(ProjectConfigurationPlatforms) = postSolution
		{AB963E4A-05E5-4123-AFA7-A999904E9870}.Debug|Any CPU.ActiveCfg = Debug|Any CPU
		{AB963E4A-05E5-4123-AFA7-A999904E9870}.Debug|Any CPU.Build.0 = Debug|Any CPU
		{AB963E4A-05E5-4123-AFA7-A999904E9870}.Release|Any CPU.ActiveCfg = Release|Any CPU
		{AB963E4A-05E5-4123-AFA7-A999904E9870}.Release|Any CPU.Build.0 = Release|Any CPU
		{019ECCF1-476F-4330-95C6-615D9B7A7965}.Debug|Any CPU.ActiveCfg = Debug|Any CPU
		{019ECCF1-476F-4330-95C6-615D9B7A7965}.Debug|Any CPU.Build.0 = Debug|Any CPU
		{019ECCF1-476F-4330-95C6-615D9B7A7965}.Release|Any CPU.ActiveCfg = Release|Any CPU
		{019ECCF1-476F-4330-95C6-615D9B7A7965}.Release|Any CPU.Build.0 = Release|Any CPU
	EndGlobalSection
	GlobalSection(SolutionProperties) = preSolution
		HideSolutionNode = FALSE
	EndGlobalSection
	GlobalSection(NestedProjects) = preSolution
		{AB963E4A-05E5-4123-AFA7-A999904E9870} = {CFB4456E-0CB3-44A8-BD05-512D3D7708ED}
		{019ECCF1-476F-4330-95C6-615D9B7A7965} = {AB8097D1-3DD5-4090-B1D2-FE629AE48CBA}
	EndGlobalSection
	GlobalSection(ExtensibilityGlobals) = postSolution
		SolutionGuid = {B697F69F-213C-4DD6-BFB3-84232DBF85F5}
	EndGlobalSection
EndGlobal
